
Microsoft Visual Studio Solution File, Format Version 12.00
# Visual Studio 15
VisualStudioVersion = 15.0.26730.16
MinimumVisualStudioVersion = 10.0.40219.1
Project("{FAE04EC0-301F-11D3-BF4B-00C04F79EFBC}") = "HealthWebApp", "HealthWebApp\HealthWebApp.csproj", "{CDC88402-A765-4B71-9D3A-A381F4FAB752}"
EndProject
Global
	GlobalSection(SolutionConfigurationPlatforms) = preSolution
		Debug|Any CPU = Debug|Any CPU
		Release|Any CPU = Release|Any CPU
	EndGlobalSection
	GlobalSection(ProjectConfigurationPlatforms) = postSolution
		{CDC88402-A765-4B71-9D3A-A381F4FAB752}.Debug|Any CPU.ActiveCfg = Debug|Any CPU
		{CDC88402-A765-4B71-9D3A-A381F4FAB752}.Debug|Any CPU.Build.0 = Debug|Any CPU
		{CDC88402-A765-4B71-9D3A-A381F4FAB752}.Release|Any CPU.ActiveCfg = Release|Any CPU
		{CDC88402-A765-4B71-9D3A-A381F4FAB752}.Release|Any CPU.Build.0 = Release|Any CPU
	EndGlobalSection
	GlobalSection(SolutionProperties) = preSolution
		HideSolutionNode = FALSE
	EndGlobalSection
	GlobalSection(ExtensibilityGlobals) = postSolution
		SolutionGuid = {3CE16A6F-7C6C-4485-964A-E9AD16320158}
	EndGlobalSection
EndGlobal
